// !$*UTF8*$!
{
	archiveVersion = 1;
	classes = {
	};
	objectVersion = 46;
	objects = {

/* Begin PBXBuildFile section */
		A3143D051DE7ACE20046CAFC /* AttributePickerVC.swift in Sources */ = {isa = PBXBuildFile; fileRef = A3143D041DE7ACE20046CAFC /* AttributePickerVC.swift */; };
		A354A3A21DE8CC29005AE0F6 /* GridAttributePickerVC.swift in Sources */ = {isa = PBXBuildFile; fileRef = A354A3A11DE8CC29005AE0F6 /* GridAttributePickerVC.swift */; };
		A3604E6D1DDF3E28003E930E /* AppDelegate.swift in Sources */ = {isa = PBXBuildFile; fileRef = A3604E6C1DDF3E28003E930E /* AppDelegate.swift */; };
		A3604E6F1DDF3E28003E930E /* ViewController.swift in Sources */ = {isa = PBXBuildFile; fileRef = A3604E6E1DDF3E28003E930E /* ViewController.swift */; };
		A3604E721DDF3E28003E930E /* Main.storyboard in Resources */ = {isa = PBXBuildFile; fileRef = A3604E701DDF3E28003E930E /* Main.storyboard */; };
		A3604E741DDF3E28003E930E /* Assets.xcassets in Resources */ = {isa = PBXBuildFile; fileRef = A3604E731DDF3E28003E930E /* Assets.xcassets */; };
		A3604E771DDF3E28003E930E /* LaunchScreen.storyboard in Resources */ = {isa = PBXBuildFile; fileRef = A3604E751DDF3E28003E930E /* LaunchScreen.storyboard */; };
		A3604E801DDF3FCC003E930E /* Settings.storyboard in Resources */ = {isa = PBXBuildFile; fileRef = A3604E7E1DDF3FCC003E930E /* Settings.storyboard */; };
		A3604E821DDF41FE003E930E /* Functions.swift in Sources */ = {isa = PBXBuildFile; fileRef = A3604E811DDF41FE003E930E /* Functions.swift */; };
		A3604E841DDF439B003E930E /* SettingsTVC.swift in Sources */ = {isa = PBXBuildFile; fileRef = A3604E831DDF439B003E930E /* SettingsTVC.swift */; };
		A3AF31611E2EA35D008425EF /* README.md in Sources */ = {isa = PBXBuildFile; fileRef = A3AF31601E2EA35D008425EF /* README.md */; };
		A3AF31631E2EA4F5008425EF /* 1.png in Resources */ = {isa = PBXBuildFile; fileRef = A3AF31621E2EA4F5008425EF /* 1.png */; };
		A3F3468A1DDF776D00E253F9 /* DefaultPreferences.plist in Resources */ = {isa = PBXBuildFile; fileRef = A3F346891DDF776D00E253F9 /* DefaultPreferences.plist */; };
		A3F3468C1DDF889600E253F9 /* Settings.swift in Sources */ = {isa = PBXBuildFile; fileRef = A3F3468B1DDF889600E253F9 /* Settings.swift */; };
/* End PBXBuildFile section */

/* Begin PBXFileReference section */
		A3143D041DE7ACE20046CAFC /* AttributePickerVC.swift */ = {isa = PBXFileReference; fileEncoding = 4; lastKnownFileType = sourcecode.swift; path = AttributePickerVC.swift; sourceTree = "<group>"; };
		A354A3A11DE8CC29005AE0F6 /* GridAttributePickerVC.swift */ = {isa = PBXFileReference; fileEncoding = 4; lastKnownFileType = sourcecode.swift; path = GridAttributePickerVC.swift; sourceTree = "<group>"; };
		A3604E691DDF3E28003E930E /* P Settings.app */ = {isa = PBXFileReference; explicitFileType = wrapper.application; includeInIndex = 0; path = "P Settings.app"; sourceTree = BUILT_PRODUCTS_DIR; };
		A3604E6C1DDF3E28003E930E /* AppDelegate.swift */ = {isa = PBXFileReference; lastKnownFileType = sourcecode.swift; path = AppDelegate.swift; sourceTree = "<group>"; };
		A3604E6E1DDF3E28003E930E /* ViewController.swift */ = {isa = PBXFileReference; lastKnownFileType = sourcecode.swift; path = ViewController.swift; sourceTree = "<group>"; };
		A3604E711DDF3E28003E930E /* Base */ = {isa = PBXFileReference; lastKnownFileType = file.storyboard; name = Base; path = Base.lproj/Main.storyboard; sourceTree = "<group>"; };
		A3604E731DDF3E28003E930E /* Assets.xcassets */ = {isa = PBXFileReference; lastKnownFileType = folder.assetcatalog; path = Assets.xcassets; sourceTree = "<group>"; };
		A3604E761DDF3E28003E930E /* Base */ = {isa = PBXFileReference; lastKnownFileType = file.storyboard; name = Base; path = Base.lproj/LaunchScreen.storyboard; sourceTree = "<group>"; };
		A3604E781DDF3E28003E930E /* Info.plist */ = {isa = PBXFileReference; lastKnownFileType = text.plist.xml; path = Info.plist; sourceTree = "<group>"; };
		A3604E7F1DDF3FCC003E930E /* Base */ = {isa = PBXFileReference; lastKnownFileType = file.storyboard; name = Base; path = Base.lproj/Settings.storyboard; sourceTree = "<group>"; };
		A3604E811DDF41FE003E930E /* Functions.swift */ = {isa = PBXFileReference; fileEncoding = 4; lastKnownFileType = sourcecode.swift; path = Functions.swift; sourceTree = "<group>"; };
		A3604E831DDF439B003E930E /* SettingsTVC.swift */ = {isa = PBXFileReference; fileEncoding = 4; lastKnownFileType = sourcecode.swift; path = SettingsTVC.swift; sourceTree = "<group>"; };
		A3AF31601E2EA35D008425EF /* README.md */ = {isa = PBXFileReference; fileEncoding = 4; lastKnownFileType = net.daringfireball.markdown; path = README.md; sourceTree = "<group>"; };
		A3AF31621E2EA4F5008425EF /* 1.png */ = {isa = PBXFileReference; lastKnownFileType = image.png; path = 1.png; sourceTree = "<group>"; };
		A3F346891DDF776D00E253F9 /* DefaultPreferences.plist */ = {isa = PBXFileReference; fileEncoding = 4; lastKnownFileType = text.plist.xml; path = DefaultPreferences.plist; sourceTree = "<group>"; };
		A3F3468B1DDF889600E253F9 /* Settings.swift */ = {isa = PBXFileReference; fileEncoding = 4; lastKnownFileType = sourcecode.swift; path = Settings.swift; sourceTree = "<group>"; };
/* End PBXFileReference section */

/* Begin PBXFrameworksBuildPhase section */
		A3604E661DDF3E28003E930E /* Frameworks */ = {
			isa = PBXFrameworksBuildPhase;
			buildActionMask = 2147483647;
			files = (
			);
			runOnlyForDeploymentPostprocessing = 0;
		};
/* End PBXFrameworksBuildPhase section */

/* Begin PBXGroup section */
		A3143D061DE7ACF70046CAFC /* Settings */ = {
			isa = PBXGroup;
			children = (
				A3F3468B1DDF889600E253F9 /* Settings.swift */,
				A3604E7E1DDF3FCC003E930E /* Settings.storyboard */,
				A3604E831DDF439B003E930E /* SettingsTVC.swift */,
				A3143D041DE7ACE20046CAFC /* AttributePickerVC.swift */,
				A354A3A11DE8CC29005AE0F6 /* GridAttributePickerVC.swift */,
			);
			name = Settings;
			sourceTree = "<group>";
		};
		A3604E601DDF3E28003E930E = {
			isa = PBXGroup;
			children = (
				A3AF31601E2EA35D008425EF /* README.md */,
				A3AF31621E2EA4F5008425EF /* 1.png */,
				A3604E6B1DDF3E28003E930E /* P Settings */,
				A3604E6A1DDF3E28003E930E /* Products */,
			);
			sourceTree = "<group>";
		};
		A3604E6A1DDF3E28003E930E /* Products */ = {
			isa = PBXGroup;
			children = (
				A3604E691DDF3E28003E930E /* P Settings.app */,
			);
			name = Products;
			sourceTree = "<group>";
		};
		A3604E6B1DDF3E28003E930E /* P Settings */ = {
			isa = PBXGroup;
			children = (
				A3604E6C1DDF3E28003E930E /* AppDelegate.swift */,
				A3604E701DDF3E28003E930E /* Main.storyboard */,
				A3604E6E1DDF3E28003E930E /* ViewController.swift */,
				A3143D061DE7ACF70046CAFC /* Settings */,
				A3604E731DDF3E28003E930E /* Assets.xcassets */,
				A3604E751DDF3E28003E930E /* LaunchScreen.storyboard */,
				A3604E781DDF3E28003E930E /* Info.plist */,
				A3604E811DDF41FE003E930E /* Functions.swift */,
				A3F346891DDF776D00E253F9 /* DefaultPreferences.plist */,
			);
			path = "P Settings";
			sourceTree = "<group>";
		};
/* End PBXGroup section */

/* Begin PBXNativeTarget section */
		A3604E681DDF3E28003E930E /* P Settings */ = {
			isa = PBXNativeTarget;
			buildConfigurationList = A3604E7B1DDF3E28003E930E /* Build configuration list for PBXNativeTarget "P Settings" */;
			buildPhases = (
				A3604E651DDF3E28003E930E /* Sources */,
				A3604E661DDF3E28003E930E /* Frameworks */,
				A3604E671DDF3E28003E930E /* Resources */,
			);
			buildRules = (
			);
			dependencies = (
			);
			name = "P Settings";
			productName = "P Settings";
			productReference = A3604E691DDF3E28003E930E /* P Settings.app */;
			productType = "com.apple.product-type.application";
		};
/* End PBXNativeTarget section */

/* Begin PBXProject section */
		A3604E611DDF3E28003E930E /* Project object */ = {
			isa = PBXProject;
			attributes = {
				LastSwiftUpdateCheck = 0810;
				LastUpgradeCheck = 0810;
				ORGANIZATIONNAME = "iReka Soft";
				TargetAttributes = {
					A3604E681DDF3E28003E930E = {
						CreatedOnToolsVersion = 8.1;
						DevelopmentTeam = 23A6EJTDXW;
						ProvisioningStyle = Automatic;
					};
				};
			};
			buildConfigurationList = A3604E641DDF3E28003E930E /* Build configuration list for PBXProject "P Settings" */;
			compatibilityVersion = "Xcode 3.2";
			developmentRegion = English;
			hasScannedForEncodings = 0;
			knownRegions = (
				en,
				Base,
			);
			mainGroup = A3604E601DDF3E28003E930E;
			productRefGroup = A3604E6A1DDF3E28003E930E /* Products */;
			projectDirPath = "";
			projectRoot = "";
			targets = (
				A3604E681DDF3E28003E930E /* P Settings */,
			);
		};
/* End PBXProject section */

/* Begin PBXResourcesBuildPhase section */
		A3604E671DDF3E28003E930E /* Resources */ = {
			isa = PBXResourcesBuildPhase;
			buildActionMask = 2147483647;
			files = (
				A3604E771DDF3E28003E930E /* LaunchScreen.storyboard in Resources */,
				A3F3468A1DDF776D00E253F9 /* DefaultPreferences.plist in Resources */,
				A3604E741DDF3E28003E930E /* Assets.xcassets in Resources */,
				A3AF31631E2EA4F5008425EF /* 1.png in Resources */,
				A3604E721DDF3E28003E930E /* Main.storyboard in Resources */,
				A3604E801DDF3FCC003E930E /* Settings.storyboard in Resources */,
			);
			runOnlyForDeploymentPostprocessing = 0;
		};
/* End PBXResourcesBuildPhase section */

/* Begin PBXSourcesBuildPhase section */
		A3604E651DDF3E28003E930E /* Sources */ = {
			isa = PBXSourcesBuildPhase;
			buildActionMask = 2147483647;
			files = (
				A3604E841DDF439B003E930E /* SettingsTVC.swift in Sources */,
				A3143D051DE7ACE20046CAFC /* AttributePickerVC.swift in Sources */,
				A3604E6F1DDF3E28003E930E /* ViewController.swift in Sources */,
				A3604E6D1DDF3E28003E930E /* AppDelegate.swift in Sources */,
				A3604E821DDF41FE003E930E /* Functions.swift in Sources */,
				A354A3A21DE8CC29005AE0F6 /* GridAttributePickerVC.swift in Sources */,
				A3AF31611E2EA35D008425EF /* README.md in Sources */,
				A3F3468C1DDF889600E253F9 /* Settings.swift in Sources */,
			);
			runOnlyForDeploymentPostprocessing = 0;
		};
/* End PBXSourcesBuildPhase section */

/* Begin PBXVariantGroup section */
		A3604E701DDF3E28003E930E /* Main.storyboard */ = {
			isa = PBXVariantGroup;
			children = (
				A3604E711DDF3E28003E930E /* Base */,
			);
			name = Main.storyboard;
			sourceTree = "<group>";
		};
		A3604E751DDF3E28003E930E /* LaunchScreen.storyboard */ = {
			isa = PBXVariantGroup;
			children = (
				A3604E761DDF3E28003E930E /* Base */,
			);
			name = LaunchScreen.storyboard;
			sourceTree = "<group>";
		};
		A3604E7E1DDF3FCC003E930E /* Settings.storyboard */ = {
			isa = PBXVariantGroup;
			children = (
				A3604E7F1DDF3FCC003E930E /* Base */,
			);
			name = Settings.storyboard;
			sourceTree = "<group>";
		};
/* End PBXVariantGroup section */

/* Begin XCBuildConfiguration section */
		A3604E791DDF3E28003E930E /* Debug */ = {
			isa = XCBuildConfiguration;
			buildSettings = {
				ALWAYS_SEARCH_USER_PATHS = NO;
				CLANG_ANALYZER_NONNULL = YES;
				CLANG_CXX_LANGUAGE_STANDARD = "gnu++0x";
				CLANG_CXX_LIBRARY = "libc++";
				CLANG_ENABLE_MODULES = YES;
				CLANG_ENABLE_OBJC_ARC = YES;
				CLANG_WARN_BOOL_CONVERSION = YES;
				CLANG_WARN_CONSTANT_CONVERSION = YES;
				CLANG_WARN_DIRECT_OBJC_ISA_USAGE = YES_ERROR;
				CLANG_WARN_DOCUMENTATION_COMMENTS = YES;
				CLANG_WARN_EMPTY_BODY = YES;
				CLANG_WARN_ENUM_CONVERSION = YES;
				CLANG_WARN_INFINITE_RECURSION = YES;
				CLANG_WARN_INT_CONVERSION = YES;
				CLANG_WARN_OBJC_ROOT_CLASS = YES_ERROR;
				CLANG_WARN_SUSPICIOUS_MOVES = YES;
				CLANG_WARN_UNREACHABLE_CODE = YES;
				CLANG_WARN__DUPLICATE_METHOD_MATCH = YES;
				"CODE_SIGN_IDENTITY[sdk=iphoneos*]" = "iPhone Developer";
				COPY_PHASE_STRIP = NO;
				DEBUG_INFORMATION_FORMAT = dwarf;
				ENABLE_STRICT_OBJC_MSGSEND = YES;
				ENABLE_TESTABILITY = YES;
				GCC_C_LANGUAGE_STANDARD = gnu99;
				GCC_DYNAMIC_NO_PIC = NO;
				GCC_NO_COMMON_BLOCKS = YES;
				GCC_OPTIMIZATION_LEVEL = 0;
				GCC_PREPROCESSOR_DEFINITIONS = (
					"DEBUG=1",
					"$(inherited)",
				);
				GCC_WARN_64_TO_32_BIT_CONVERSION = YES;
				GCC_WARN_ABOUT_RETURN_TYPE = YES_ERROR;
				GCC_WARN_UNDECLARED_SELECTOR = YES;
				GCC_WARN_UNINITIALIZED_AUTOS = YES_AGGRESSIVE;
				GCC_WARN_UNUSED_FUNCTION = YES;
				GCC_WARN_UNUSED_VARIABLE = YES;
				IPHONEOS_DEPLOYMENT_TARGET = 10.1;
				MTL_ENABLE_DEBUG_INFO = YES;
				ONLY_ACTIVE_ARCH = YES;
				SDKROOT = iphoneos;
				SWIFT_ACTIVE_COMPILATION_CONDITIONS = DEBUG;
				SWIFT_OPTIMIZATION_LEVEL = "-Onone";
				TARGETED_DEVICE_FAMILY = "1,2";
			};
			name = Debug;
		};
		A3604E7A1DDF3E28003E930E /* Release */ = {
			isa = XCBuildConfiguration;
			buildSettings = {
				ALWAYS_SEARCH_USER_PATHS = NO;
				CLANG_ANALYZER_NONNULL = YES;
				CLANG_CXX_LANGUAGE_STANDARD = "gnu++0x";
				CLANG_CXX_LIBRARY = "libc++";
				CLANG_ENABLE_MODULES = YES;
				CLANG_ENABLE_OBJC_ARC = YES;
				CLANG_WARN_BOOL_CONVERSION = YES;
				CLANG_WARN_CONSTANT_CONVERSION = YES;
				CLANG_WARN_DIRECT_OBJC_ISA_USAGE = YES_ERROR;
				CLANG_WARN_DOCUMENTATION_COMMENTS = YES;
				CLANG_WARN_EMPTY_BODY = YES;
				CLANG_WARN_ENUM_CONVERSION = YES;
				CLANG_WARN_INFINITE_RECURSION = YES;
				CLANG_WARN_INT_CONVERSION = YES;
				CLANG_WARN_OBJC_ROOT_CLASS = YES_ERROR;
				CLANG_WARN_SUSPICIOUS_MOVES = YES;
				CLANG_WARN_UNREACHABLE_CODE = YES;
				CLANG_WARN__DUPLICATE_METHOD_MATCH = YES;
				"CODE_SIGN_IDENTITY[sdk=iphoneos*]" = "iPhone Developer";
				COPY_PHASE_STRIP = NO;
				DEBUG_INFORMATION_FORMAT = "dwarf-with-dsym";
				ENABLE_NS_ASSERTIONS = NO;
				ENABLE_STRICT_OBJC_MSGSEND = YES;
				GCC_C_LANGUAGE_STANDARD = gnu99;
				GCC_NO_COMMON_BLOCKS = YES;
				GCC_WARN_64_TO_32_BIT_CONVERSION = YES;
				GCC_WARN_ABOUT_RETURN_TYPE = YES_ERROR;
				GCC_WARN_UNDECLARED_SELECTOR = YES;
				GCC_WARN_UNINITIALIZED_AUTOS = YES_AGGRESSIVE;
				GCC_WARN_UNUSED_FUNCTION = YES;
				GCC_WARN_UNUSED_VARIABLE = YES;
				IPHONEOS_DEPLOYMENT_TARGET = 10.1;
				MTL_ENABLE_DEBUG_INFO = NO;
				SDKROOT = iphoneos;
				SWIFT_OPTIMIZATION_LEVEL = "-Owholemodule";
				TARGETED_DEVICE_FAMILY = "1,2";
				VALIDATE_PRODUCT = YES;
			};
			name = Release;
		};
		A3604E7C1DDF3E28003E930E /* Debug */ = {
			isa = XCBuildConfiguration;
			buildSettings = {
				ASSETCATALOG_COMPILER_APPICON_NAME = AppIcon;
				DEVELOPMENT_TEAM = 23A6EJTDXW;
				INFOPLIST_FILE = "P Settings/Info.plist";
				LD_RUNPATH_SEARCH_PATHS = "$(inherited) @executable_path/Frameworks";
				PRODUCT_BUNDLE_IDENTIFIER = "com.irekasoft.P-Settings";
				PRODUCT_NAME = "$(TARGET_NAME)";
				SWIFT_VERSION = 3.0;
			};
			name = Debug;
		};
		A3604E7D1DDF3E28003E930E /* Release */ = {
			isa = XCBuildConfiguration;
			buildSettings = {
				ASSETCATALOG_COMPILER_APPICON_NAME = AppIcon;
				DEVELOPMENT_TEAM = 23A6EJTDXW;
				INFOPLIST_FILE = "P Settings/Info.plist";
				LD_RUNPATH_SEARCH_PATHS = "$(inherited) @executable_path/Frameworks";
				PRODUCT_BUNDLE_IDENTIFIER = "com.irekasoft.P-Settings";
				PRODUCT_NAME = "$(TARGET_NAME)";
				SWIFT_VERSION = 3.0;
			};
			name = Release;
		};
/* End XCBuildConfiguration section */

/* Begin XCConfigurationList section */
		A3604E641DDF3E28003E930E /* Build configuration list for PBXProject "P Settings" */ = {
			isa = XCConfigurationList;
			buildConfigurations = (
				A3604E791DDF3E28003E930E /* Debug */,
				A3604E7A1DDF3E28003E930E /* Release */,
			);
			defaultConfigurationIsVisible = 0;
			defaultConfigurationName = Release;
		};
		A3604E7B1DDF3E28003E930E /* Build configuration list for PBXNativeTarget "P Settings" */ = {
			isa = XCConfigurationList;
			buildConfigurations = (
				A3604E7C1DDF3E28003E930E /* Debug */,
				A3604E7D1DDF3E28003E930E /* Release */,
			);
			defaultConfigurationIsVisible = 0;
			defaultConfigurationName = Release;
		};
/* End XCConfigurationList section */
	};
	rootObject = A3604E611DDF3E28003E930E /* Project object */;
}
